{
  "nodes": {
    "android-nixpkgs": {
      "inputs": {
        "devshell": "devshell",
        "flake-utils": "flake-utils",
        "nixpkgs": [
          "wwn-toolchain",
          "nixpkgs"
        ]
      },
      "locked": {
        "lastModified": 1775076220,
        "narHash": "sha256-QlDAqxJAHakV7GYR97T4hx7trqMI08axwNkp9Db8U7Q=",
        "owner": "tadfisher",
        "repo": "android-nixpkgs",
        "rev": "5585cc3ee71bdd8d9ee255523f11b920138fa688",
        "type": "github"
      },
      "original": {
        "owner": "tadfisher",
        "repo": "android-nixpkgs",
        "rev": "5585cc3ee71bdd8d9ee255523f11b920138fa688",
        "type": "github"
      }
    },
    "devshell": {
      "inputs": {
        "nixpkgs": [
          "wwn-toolchain",
          "android-nixpkgs",
          "nixpkgs"
        ]
      },
      "locked": {
        "lastModified": 1768818222,
        "narHash": "sha256-460jc0+CZfyaO8+w8JNtlClB2n4ui1RbHfPTLkpwhU8=",
        "owner": "numtide",
        "repo": "devshell",
        "rev": "255a2b1725a20d060f566e4755dbf571bbbb5f76",
        "type": "github"
      },
      "original": {
        "owner": "numtide",
        "repo": "devshell",
        "type": "github"
      }
    },
    "flake-utils": {
      "inputs": {
        "systems": "systems"
      },
      "locked": {
        "lastModified": 1731533236,
        "narHash": "sha256-l0KFg5HjrsfsO/JpG+r7fRrqm12kzFHyUHqHCVpMMbI=",
        "owner": "numtide",
        "repo": "flake-utils",
        "rev": "11707dc2f618dd54ca8739b309ec4fc024de578b",
        "type": "github"
      },
      "original": {
        "owner": "numtide",
        "repo": "flake-utils",
        "type": "github"
      }
    },
    "nixpkgs": {
      "locked": {
        "lastModified": 1782175435,
        "narHash": "sha256-EMzXKmnOtBQ2MnvpiNOm7E+kOMvdPrIKaeg52Tip2Uk=",
        "owner": "NixOS",
        "repo": "nixpkgs",
        "rev": "89570f24e97e614aa34aa9ab1c927b6578a43775",
        "type": "github"
      },
      "original": {
        "owner": "NixOS",
        "ref": "nixpkgs-unstable",
        "repo": "nixpkgs",
        "type": "github"
      }
    },
    "root": {
      "inputs": {
        "nixpkgs": "nixpkgs",
        "rust-overlay": "rust-overlay",
        "wwn-toolchain": "wwn-toolchain"
      }
    },
    "rust-overlay": {
      "inputs": {
        "nixpkgs": [
          "nixpkgs"
        ]
      },
      "locked": {
        "lastModified": 1782530211,
        "narHash": "sha256-Zn5H2VVMaP79C+bvaUQD+SBXSKoTnURMZGiUrG00zII=",
        "owner": "oxalica",
        "repo": "rust-overlay",
        "rev": "06ba695dfefc4afc513b49dfc41c4bf0dd2eaeb1",
        "type": "github"
      },
      "original": {
        "owner": "oxalica",
        "repo": "rust-overlay",
        "type": "github"
      }
    },
    "systems": {
      "locked": {
        "lastModified": 1681028828,
        "narHash": "sha256-Vy1rq5AaRuLzOxct8nz4T6wlgyUR7zLU309k9mBC768=",
        "owner": "nix-systems",
        "repo": "default",
        "rev": "da67096a3b9bf56a91d16901293e51ba5b49a27e",
        "type": "github"
      },
      "original": {
        "owner": "nix-systems",
        "repo": "default",
        "type": "github"
      }
    },
    "wwn-toolchain": {
      "inputs": {
        "android-nixpkgs": "android-nixpkgs",
        "nixpkgs": [
          "nixpkgs"
        ],
        "rust-overlay": [
          "rust-overlay"
        ]
      },
      "locked": {
        "lastModified": 1782586062,
        "narHash": "sha256-uXy50N5eZgNmP3UXunWUoQ0vtZcMSAz0qhWzn+eL/Ho=",
        "owner": "Wawona",
        "repo": "wwn-toolchain",
        "rev": "b0bc8140135d7ac08327c8ccc297b42eaf10bd89",
        "type": "github"
      },
      "original": {
        "owner": "Wawona",
        "repo": "wwn-toolchain",
        "type": "github"
      }
    }
  },
  "root": "root",
  "version": 7
}
